
Microsoft Visual Studio Solution File, Format Version 12.00
# Visual Studio Version 16
VisualStudioVersion = 16.0.30907.101
MinimumVisualStudioVersion = 10.0.40219.1
Project("{FAE04EC0-301F-11D3-BF4B-00C04F79EFBC}") = "Exercise1", "Exercise1\Exercise1.csproj", "{0A60FBA6-CFC8-48C6-BF8A-0F24BC9B8402}"
EndProject
Project("{FAE04EC0-301F-11D3-BF4B-00C04F79EFBC}") = "Exercise2", "Exercise2\Exercise2.csproj", "{6E55AAF0-BD9E-4B36-89A5-987558C04F56}"
EndProject
Global
	GlobalSection(SolutionConfigurationPlatforms) = preSolution
		Debug|Any CPU = Debug|Any CPU
		Release|Any CPU = Release|Any CPU
	EndGlobalSection
	GlobalSection(ProjectConfigurationPlatforms) = postSolution
		{0A60FBA6-CFC8-48C6-BF8A-0F24BC9B8402}.Debug|Any CPU.ActiveCfg = Debug|Any CPU
		{0A60FBA6-CFC8-48C6-BF8A-0F24BC9B8402}.Debug|Any CPU.Build.0 = Debug|Any CPU
		{0A60FBA6-CFC8-48C6-BF8A-0F24BC9B8402}.Release|Any CPU.ActiveCfg = Release|Any CPU
		{0A60FBA6-CFC8-48C6-BF8A-0F24BC9B8402}.Release|Any CPU.Build.0 = Release|Any CPU
		{6E55AAF0-BD9E-4B36-89A5-987558C04F56}.Debug|Any CPU.ActiveCfg = Debug|Any CPU
		{6E55AAF0-BD9E-4B36-89A5-987558C04F56}.Debug|Any CPU.Build.0 = Debug|Any CPU
		{6E55AAF0-BD9E-4B36-89A5-987558C04F56}.Release|Any CPU.ActiveCfg = Release|Any CPU
		{6E55AAF0-BD9E-4B36-89A5-987558C04F56}.Release|Any CPU.Build.0 = Release|Any CPU
	EndGlobalSection
	GlobalSection(SolutionProperties) = preSolution
		HideSolutionNode = FALSE
	EndGlobalSection
	GlobalSection(ExtensibilityGlobals) = postSolution
		SolutionGuid = {66FC69E7-7E0E-437E-8A0D-F172BD5742F9}
	EndGlobalSection
EndGlobal
